Microsoft Visual Studio Solution File, Format Version 11.00
# Visual Studio 2008

Project("{781A1831-54C2-F5A5-3F14-B3AB710EBDFC}") = "xiuligong fangyuzhan", "Assembly-CSharp-firstpass-vs.csproj", "{75EBFDDD-5EDC-1EB7-A827-0E4E98575181}"
EndProject
Project("{781A1831-54C2-F5A5-3F14-B3AB710EBDFC}") = "xiuligong fangyuzhan", "Assembly-CSharp-vs.csproj", "{F71C86A1-FE48-8C1F-5BF5-9F9482C4C126}"
EndProject
Project("{781A1831-54C2-F5A5-3F14-B3AB710EBDFC}") = "xiuligong fangyuzhan", "Assembly-CSharp-Editor-vs.csproj", "{910F3DA3-465D-283B-DD99-98CA1511A811}"
EndProject
Global
	GlobalSection(SolutionConfigurationPlatforms) = preSolution
		Debug|Any CPU = Debug|Any CPU
		Release|Any CPU = Release|Any CPU
	EndGlobalSection
	GlobalSection(ProjectConfigurationPlatforms) = postSolution
		{75EBFDDD-5EDC-1EB7-A827-0E4E98575181}.Debug|Any CPU.ActiveCfg = Debug|Any CPU
		{75EBFDDD-5EDC-1EB7-A827-0E4E98575181}.Debug|Any CPU.Build.0 = Debug|Any CPU
		{75EBFDDD-5EDC-1EB7-A827-0E4E98575181}.Release|Any CPU.ActiveCfg = Release|Any CPU
		{75EBFDDD-5EDC-1EB7-A827-0E4E98575181}.Release|Any CPU.Build.0 = Release|Any CPU
		{F71C86A1-FE48-8C1F-5BF5-9F9482C4C126}.Debug|Any CPU.ActiveCfg = Debug|Any CPU
		{F71C86A1-FE48-8C1F-5BF5-9F9482C4C126}.Debug|Any CPU.Build.0 = Debug|Any CPU
		{F71C86A1-FE48-8C1F-5BF5-9F9482C4C126}.Release|Any CPU.ActiveCfg = Release|Any CPU
		{F71C86A1-FE48-8C1F-5BF5-9F9482C4C126}.Release|Any CPU.Build.0 = Release|Any CPU
		{910F3DA3-465D-283B-DD99-98CA1511A811}.Debug|Any CPU.ActiveCfg = Debug|Any CPU
		{910F3DA3-465D-283B-DD99-98CA1511A811}.Debug|Any CPU.Build.0 = Debug|Any CPU
		{910F3DA3-465D-283B-DD99-98CA1511A811}.Release|Any CPU.ActiveCfg = Release|Any CPU
		{910F3DA3-465D-283B-DD99-98CA1511A811}.Release|Any CPU.Build.0 = Release|Any CPU
	EndGlobalSection
	GlobalSection(SolutionProperties) = preSolution
		HideSolutionNode = FALSE
	EndGlobalSection
																																																																																																																																																										GlobalSection(MonoDevelopProperties) = preSolution
		StartupItem = Assembly-CSharp.csproj
		Policies = $0
		$0.TextStylePolicy = $1
		$1.inheritsSet = null
		$1.scope = text/x-csharp
		$0.CSharpFormattingPolicy = $2
		$2.inheritsSet = Mono
		$2.inheritsScope = text/x-csharp
		$2.scope = text/x-csharp
		$0.TextStylePolicy = $3
		$3.FileWidth = 120
		$3.TabWidth = 4
		$3.EolMarker = Unix
		$3.inheritsSet = Mono
		$3.inheritsScope = text/plain
		$3.scope = text/plain
	EndGlobalSection

EndGlobal
